
Microsoft Visual Studio Solution File, Format Version 12.00
# Visual Studio 2013
VisualStudioVersion = 12.0.30723.0
MinimumVisualStudioVersion = 10.0.40219.1
Project("{FAE04EC0-301F-11D3-BF4B-00C04F79EFBC}") = "Assisticant", "Portable\Assisticant.csproj", "{8B6EB900-35B0-41DA-A8DF-72E2752942A3}"
EndProject
Project("{FAE04EC0-301F-11D3-BF4B-00C04F79EFBC}") = "Assisticant.iOS", "iOS\Assisticant.iOS.csproj", "{45977155-1C67-4865-BFD0-CD3A26543B5B}"
EndProject
Project("{FAE04EC0-301F-11D3-BF4B-00C04F79EFBC}") = "Assisticant.Android", "Assisticant.Android\Assisticant.Android.csproj", "{F68ADB8D-0AC6-43A2-BA33-9C1C1CDEDC0D}"
EndProject
Project("{2150E333-8FDC-42A3-9474-1A3956D46DE8}") = "Solution Items", "Solution Items", "{18F1A851-997C-4C06-937F-48880C158475}"
	ProjectSection(SolutionItems) = preProject
		NuGet\assisticant.starter.nuspec = NuGet\assisticant.starter.nuspec
	EndProjectSection
EndProject
Global
	GlobalSection(SolutionConfigurationPlatforms) = preSolution
		Debug|Any CPU = Debug|Any CPU
		Release|Any CPU = Release|Any CPU
	EndGlobalSection
	GlobalSection(ProjectConfigurationPlatforms) = postSolution
		{8B6EB900-35B0-41DA-A8DF-72E2752942A3}.Debug|Any CPU.ActiveCfg = Debug|Any CPU
		{8B6EB900-35B0-41DA-A8DF-72E2752942A3}.Debug|Any CPU.Build.0 = Debug|Any CPU
		{8B6EB900-35B0-41DA-A8DF-72E2752942A3}.Release|Any CPU.ActiveCfg = Release|Any CPU
		{8B6EB900-35B0-41DA-A8DF-72E2752942A3}.Release|Any CPU.Build.0 = Release|Any CPU
		{45977155-1C67-4865-BFD0-CD3A26543B5B}.Debug|Any CPU.ActiveCfg = Debug|Any CPU
		{45977155-1C67-4865-BFD0-CD3A26543B5B}.Debug|Any CPU.Build.0 = Debug|Any CPU
		{45977155-1C67-4865-BFD0-CD3A26543B5B}.Release|Any CPU.ActiveCfg = Release|Any CPU
		{45977155-1C67-4865-BFD0-CD3A26543B5B}.Release|Any CPU.Build.0 = Release|Any CPU
		{F68ADB8D-0AC6-43A2-BA33-9C1C1CDEDC0D}.Debug|Any CPU.ActiveCfg = Debug|Any CPU
		{F68ADB8D-0AC6-43A2-BA33-9C1C1CDEDC0D}.Debug|Any CPU.Build.0 = Debug|Any CPU
		{F68ADB8D-0AC6-43A2-BA33-9C1C1CDEDC0D}.Release|Any CPU.ActiveCfg = Release|Any CPU
		{F68ADB8D-0AC6-43A2-BA33-9C1C1CDEDC0D}.Release|Any CPU.Build.0 = Release|Any CPU
	EndGlobalSection
	GlobalSection(SolutionProperties) = preSolution
		HideSolutionNode = FALSE
	EndGlobalSection
EndGlobal
