
Microsoft Visual Studio Solution File, Format Version 12.00
# Visual Studio 14
VisualStudioVersion = 14.0.24720.0
MinimumVisualStudioVersion = 10.0.40219.1
Project("{FAE04EC0-301F-11D3-BF4B-00C04F79EFBC}") = "Assisticant", "Portable\Assisticant.csproj", "{091AA2D7-9971-4320-8A9E-CDEEE7D22EB2}"
EndProject
Project("{FAE04EC0-301F-11D3-BF4B-00C04F79EFBC}") = "Assisticant.Android", "Assisticant.Android\Assisticant.Android.csproj", "{C4E189E5-7905-4678-A340-018F89274F49}"
EndProject
Project("{FAE04EC0-301F-11D3-BF4B-00C04F79EFBC}") = "Assisticant.iOS", "iOS\Assisticant.iOS.csproj", "{89B554EB-2886-475F-9672-F90FAE10C4F2}"
EndProject
Global
	GlobalSection(SolutionConfigurationPlatforms) = preSolution
		Debug|Any CPU = Debug|Any CPU
		Release|Any CPU = Release|Any CPU
	EndGlobalSection
	GlobalSection(ProjectConfigurationPlatforms) = postSolution
		{091AA2D7-9971-4320-8A9E-CDEEE7D22EB2}.Debug|Any CPU.ActiveCfg = Debug|Any CPU
		{091AA2D7-9971-4320-8A9E-CDEEE7D22EB2}.Debug|Any CPU.Build.0 = Debug|Any CPU
		{091AA2D7-9971-4320-8A9E-CDEEE7D22EB2}.Release|Any CPU.ActiveCfg = Release|Any CPU
		{091AA2D7-9971-4320-8A9E-CDEEE7D22EB2}.Release|Any CPU.Build.0 = Release|Any CPU
		{C4E189E5-7905-4678-A340-018F89274F49}.Debug|Any CPU.ActiveCfg = Debug|Any CPU
		{C4E189E5-7905-4678-A340-018F89274F49}.Debug|Any CPU.Build.0 = Debug|Any CPU
		{C4E189E5-7905-4678-A340-018F89274F49}.Release|Any CPU.ActiveCfg = Release|Any CPU
		{C4E189E5-7905-4678-A340-018F89274F49}.Release|Any CPU.Build.0 = Release|Any CPU
		{89B554EB-2886-475F-9672-F90FAE10C4F2}.Debug|Any CPU.ActiveCfg = Debug|Any CPU
		{89B554EB-2886-475F-9672-F90FAE10C4F2}.Debug|Any CPU.Build.0 = Debug|Any CPU
		{89B554EB-2886-475F-9672-F90FAE10C4F2}.Release|Any CPU.ActiveCfg = Release|Any CPU
		{89B554EB-2886-475F-9672-F90FAE10C4F2}.Release|Any CPU.Build.0 = Release|Any CPU
	EndGlobalSection
	GlobalSection(SolutionProperties) = preSolution
		HideSolutionNode = FALSE
	EndGlobalSection
EndGlobal
